
Microsoft Visual Studio Solution File, Format Version 12.00
# Visual Studio 14
VisualStudioVersion = 14.0.25420.1
MinimumVisualStudioVersion = 10.0.40219.1
Project("{FAE04EC0-301F-11D3-BF4B-00C04F79EFBC}") = "SRBD_UWP", "SRBD UWP\SRBD_UWP.csproj", "{C5452072-D793-4E46-B932-45B434B5B4F7}"
	ProjectSection(ProjectDependencies) = postProject
		{B6F13B71-0102-4998-8038-40EBA441CDF2} = {B6F13B71-0102-4998-8038-40EBA441CDF2}
	EndProjectSection
EndProject
Project("{FAE04EC0-301F-11D3-BF4B-00C04F79EFBC}") = "AssetsLibrary", "Assets\AssetsLibrary.csproj", "{72ED367A-D89A-48A1-A702-6CCFCE8EEEFA}"
EndProject
Project("{FAE04EC0-301F-11D3-BF4B-00C04F79EFBC}") = "MainMenu", "MainMenu\MainMenu.csproj", "{9715B4D2-EE5E-4942-BA01-F91110035898}"
EndProject
Project("{FAE04EC0-301F-11D3-BF4B-00C04F79EFBC}") = "Navigator", "Navigator\Navigator.csproj", "{C90F79B0-11DB-4A0A-A0A5-BACDF71023E2}"
EndProject
Project("{FAE04EC0-301F-11D3-BF4B-00C04F79EFBC}") = "Controls", "Controls\Controls.csproj", "{68EBA132-6528-4B83-9B6E-7B8E24E9B5BE}"
EndProject
Project("{FAE04EC0-301F-11D3-BF4B-00C04F79EFBC}") = "Static", "Static\Static.csproj", "{7E4CB57B-7FB7-4330-9EB1-2F450B4A7299}"
EndProject
Project("{FAE04EC0-301F-11D3-BF4B-00C04F79EFBC}") = "GlobalMenu", "GlobalMenu\GlobalMenu.csproj", "{B6F13B71-0102-4998-8038-40EBA441CDF2}"
EndProject
Project("{2150E333-8FDC-42A3-9474-1A3956D46DE8}") = "HelpProjects", "HelpProjects", "{B9118D50-7CB1-4AF7-81C3-31CFD77243E8}"
EndProject
Project("{2150E333-8FDC-42A3-9474-1A3956D46DE8}") = "PrimaryProjects", "PrimaryProjects", "{763A1384-E200-486F-AB9B-BBBF7343C3CD}"
EndProject
Project("{FAE04EC0-301F-11D3-BF4B-00C04F79EFBC}") = "ImportsManager", "ImportsManager\ImportsManager.csproj", "{B8F8CE92-BF7B-4FFC-8E11-037DD47A36E8}"
EndProject
Project("{FAE04EC0-301F-11D3-BF4B-00C04F79EFBC}") = "PackagesLoader", "PackagesLoader\PackagesLoader.csproj", "{24AD0C53-46BE-498F-B3A3-ECCBF274484D}"
EndProject
Project("{FAE04EC0-301F-11D3-BF4B-00C04F79EFBC}") = "Notifications", "Notifications\Notifications.csproj", "{BEE652B0-2699-4CD8-BB18-CA36F50CC207}"
EndProject
Global
	GlobalSection(SolutionConfigurationPlatforms) = preSolution
		Debug|Any CPU = Debug|Any CPU
		Debug|ARM = Debug|ARM
		Debug|x64 = Debug|x64
		Debug|x86 = Debug|x86
		Release|Any CPU = Release|Any CPU
		Release|ARM = Release|ARM
		Release|x64 = Release|x64
		Release|x86 = Release|x86
	EndGlobalSection
	GlobalSection(ProjectConfigurationPlatforms) = postSolution
		{C5452072-D793-4E46-B932-45B434B5B4F7}.Debug|Any CPU.ActiveCfg = Debug|x86
		{C5452072-D793-4E46-B932-45B434B5B4F7}.Debug|ARM.ActiveCfg = Debug|ARM
		{C5452072-D793-4E46-B932-45B434B5B4F7}.Debug|ARM.Build.0 = Debug|ARM
		{C5452072-D793-4E46-B932-45B434B5B4F7}.Debug|ARM.Deploy.0 = Debug|ARM
		{C5452072-D793-4E46-B932-45B434B5B4F7}.Debug|x64.ActiveCfg = Debug|x64
		{C5452072-D793-4E46-B932-45B434B5B4F7}.Debug|x64.Build.0 = Debug|x64
		{C5452072-D793-4E46-B932-45B434B5B4F7}.Debug|x64.Deploy.0 = Debug|x64
		{C5452072-D793-4E46-B932-45B434B5B4F7}.Debug|x86.ActiveCfg = Debug|x86
		{C5452072-D793-4E46-B932-45B434B5B4F7}.Debug|x86.Build.0 = Debug|x86
		{C5452072-D793-4E46-B932-45B434B5B4F7}.Debug|x86.Deploy.0 = Debug|x86
		{C5452072-D793-4E46-B932-45B434B5B4F7}.Release|Any CPU.ActiveCfg = Release|x86
		{C5452072-D793-4E46-B932-45B434B5B4F7}.Release|ARM.ActiveCfg = Release|ARM
		{C5452072-D793-4E46-B932-45B434B5B4F7}.Release|ARM.Build.0 = Release|ARM
		{C5452072-D793-4E46-B932-45B434B5B4F7}.Release|ARM.Deploy.0 = Release|ARM
		{C5452072-D793-4E46-B932-45B434B5B4F7}.Release|x64.ActiveCfg = Release|x64
		{C5452072-D793-4E46-B932-45B434B5B4F7}.Release|x64.Build.0 = Release|x64
		{C5452072-D793-4E46-B932-45B434B5B4F7}.Release|x64.Deploy.0 = Release|x64
		{C5452072-D793-4E46-B932-45B434B5B4F7}.Release|x86.ActiveCfg = Release|x86
		{C5452072-D793-4E46-B932-45B434B5B4F7}.Release|x86.Build.0 = Release|x86
		{C5452072-D793-4E46-B932-45B434B5B4F7}.Release|x86.Deploy.0 = Release|x86
		{72ED367A-D89A-48A1-A702-6CCFCE8EEEFA}.Debug|Any CPU.ActiveCfg = Debug|Any CPU
		{72ED367A-D89A-48A1-A702-6CCFCE8EEEFA}.Debug|Any CPU.Build.0 = Debug|Any CPU
		{72ED367A-D89A-48A1-A702-6CCFCE8EEEFA}.Debug|ARM.ActiveCfg = Debug|ARM
		{72ED367A-D89A-48A1-A702-6CCFCE8EEEFA}.Debug|ARM.Build.0 = Debug|ARM
		{72ED367A-D89A-48A1-A702-6CCFCE8EEEFA}.Debug|x64.ActiveCfg = Debug|x64
		{72ED367A-D89A-48A1-A702-6CCFCE8EEEFA}.Debug|x64.Build.0 = Debug|x64
		{72ED367A-D89A-48A1-A702-6CCFCE8EEEFA}.Debug|x86.ActiveCfg = Debug|x86
		{72ED367A-D89A-48A1-A702-6CCFCE8EEEFA}.Debug|x86.Build.0 = Debug|x86
		{72ED367A-D89A-48A1-A702-6CCFCE8EEEFA}.Release|Any CPU.ActiveCfg = Release|Any CPU
		{72ED367A-D89A-48A1-A702-6CCFCE8EEEFA}.Release|Any CPU.Build.0 = Release|Any CPU
		{72ED367A-D89A-48A1-A702-6CCFCE8EEEFA}.Release|ARM.ActiveCfg = Release|ARM
		{72ED367A-D89A-48A1-A702-6CCFCE8EEEFA}.Release|ARM.Build.0 = Release|ARM
		{72ED367A-D89A-48A1-A702-6CCFCE8EEEFA}.Release|x64.ActiveCfg = Release|x64
		{72ED367A-D89A-48A1-A702-6CCFCE8EEEFA}.Release|x64.Build.0 = Release|x64
		{72ED367A-D89A-48A1-A702-6CCFCE8EEEFA}.Release|x86.ActiveCfg = Release|x86
		{72ED367A-D89A-48A1-A702-6CCFCE8EEEFA}.Release|x86.Build.0 = Release|x86
		{9715B4D2-EE5E-4942-BA01-F91110035898}.Debug|Any CPU.ActiveCfg = Debug|Any CPU
		{9715B4D2-EE5E-4942-BA01-F91110035898}.Debug|Any CPU.Build.0 = Debug|Any CPU
		{9715B4D2-EE5E-4942-BA01-F91110035898}.Debug|ARM.ActiveCfg = Debug|ARM
		{9715B4D2-EE5E-4942-BA01-F91110035898}.Debug|ARM.Build.0 = Debug|ARM
		{9715B4D2-EE5E-4942-BA01-F91110035898}.Debug|x64.ActiveCfg = Debug|x64
		{9715B4D2-EE5E-4942-BA01-F91110035898}.Debug|x64.Build.0 = Debug|x64
		{9715B4D2-EE5E-4942-BA01-F91110035898}.Debug|x86.ActiveCfg = Debug|x86
		{9715B4D2-EE5E-4942-BA01-F91110035898}.Debug|x86.Build.0 = Debug|x86
		{9715B4D2-EE5E-4942-BA01-F91110035898}.Release|Any CPU.ActiveCfg = Release|Any CPU
		{9715B4D2-EE5E-4942-BA01-F91110035898}.Release|Any CPU.Build.0 = Release|Any CPU
		{9715B4D2-EE5E-4942-BA01-F91110035898}.Release|ARM.ActiveCfg = Release|ARM
		{9715B4D2-EE5E-4942-BA01-F91110035898}.Release|ARM.Build.0 = Release|ARM
		{9715B4D2-EE5E-4942-BA01-F91110035898}.Release|x64.ActiveCfg = Release|x64
		{9715B4D2-EE5E-4942-BA01-F91110035898}.Release|x64.Build.0 = Release|x64
		{9715B4D2-EE5E-4942-BA01-F91110035898}.Release|x86.ActiveCfg = Release|x86
		{9715B4D2-EE5E-4942-BA01-F91110035898}.Release|x86.Build.0 = Release|x86
		{C90F79B0-11DB-4A0A-A0A5-BACDF71023E2}.Debug|Any CPU.ActiveCfg = Debug|Any CPU
		{C90F79B0-11DB-4A0A-A0A5-BACDF71023E2}.Debug|Any CPU.Build.0 = Debug|Any CPU
		{C90F79B0-11DB-4A0A-A0A5-BACDF71023E2}.Debug|ARM.ActiveCfg = Debug|ARM
		{C90F79B0-11DB-4A0A-A0A5-BACDF71023E2}.Debug|ARM.Build.0 = Debug|ARM
		{C90F79B0-11DB-4A0A-A0A5-BACDF71023E2}.Debug|x64.ActiveCfg = Debug|x64
		{C90F79B0-11DB-4A0A-A0A5-BACDF71023E2}.Debug|x64.Build.0 = Debug|x64
		{C90F79B0-11DB-4A0A-A0A5-BACDF71023E2}.Debug|x86.ActiveCfg = Debug|x86
		{C90F79B0-11DB-4A0A-A0A5-BACDF71023E2}.Debug|x86.Build.0 = Debug|x86
		{C90F79B0-11DB-4A0A-A0A5-BACDF71023E2}.Release|Any CPU.ActiveCfg = Release|Any CPU
		{C90F79B0-11DB-4A0A-A0A5-BACDF71023E2}.Release|Any CPU.Build.0 = Release|Any CPU
		{C90F79B0-11DB-4A0A-A0A5-BACDF71023E2}.Release|ARM.ActiveCfg = Release|ARM
		{C90F79B0-11DB-4A0A-A0A5-BACDF71023E2}.Release|ARM.Build.0 = Release|ARM
		{C90F79B0-11DB-4A0A-A0A5-BACDF71023E2}.Release|x64.ActiveCfg = Release|x64
		{C90F79B0-11DB-4A0A-A0A5-BACDF71023E2}.Release|x64.Build.0 = Release|x64
		{C90F79B0-11DB-4A0A-A0A5-BACDF71023E2}.Release|x86.ActiveCfg = Release|x86
		{C90F79B0-11DB-4A0A-A0A5-BACDF71023E2}.Release|x86.Build.0 = Release|x86
		{68EBA132-6528-4B83-9B6E-7B8E24E9B5BE}.Debug|Any CPU.ActiveCfg = Debug|Any CPU
		{68EBA132-6528-4B83-9B6E-7B8E24E9B5BE}.Debug|Any CPU.Build.0 = Debug|Any CPU
		{68EBA132-6528-4B83-9B6E-7B8E24E9B5BE}.Debug|ARM.ActiveCfg = Debug|ARM
		{68EBA132-6528-4B83-9B6E-7B8E24E9B5BE}.Debug|ARM.Build.0 = Debug|ARM
		{68EBA132-6528-4B83-9B6E-7B8E24E9B5BE}.Debug|x64.ActiveCfg = Debug|x64
		{68EBA132-6528-4B83-9B6E-7B8E24E9B5BE}.Debug|x64.Build.0 = Debug|x64
		{68EBA132-6528-4B83-9B6E-7B8E24E9B5BE}.Debug|x86.ActiveCfg = Debug|x86
		{68EBA132-6528-4B83-9B6E-7B8E24E9B5BE}.Debug|x86.Build.0 = Debug|x86
		{68EBA132-6528-4B83-9B6E-7B8E24E9B5BE}.Release|Any CPU.ActiveCfg = Release|Any CPU
		{68EBA132-6528-4B83-9B6E-7B8E24E9B5BE}.Release|Any CPU.Build.0 = Release|Any CPU
		{68EBA132-6528-4B83-9B6E-7B8E24E9B5BE}.Release|ARM.ActiveCfg = Release|ARM
		{68EBA132-6528-4B83-9B6E-7B8E24E9B5BE}.Release|ARM.Build.0 = Release|ARM
		{68EBA132-6528-4B83-9B6E-7B8E24E9B5BE}.Release|x64.ActiveCfg = Release|x64
		{68EBA132-6528-4B83-9B6E-7B8E24E9B5BE}.Release|x64.Build.0 = Release|x64
		{68EBA132-6528-4B83-9B6E-7B8E24E9B5BE}.Release|x86.ActiveCfg = Release|x86
		{68EBA132-6528-4B83-9B6E-7B8E24E9B5BE}.Release|x86.Build.0 = Release|x86
		{7E4CB57B-7FB7-4330-9EB1-2F450B4A7299}.Debug|Any CPU.ActiveCfg = Debug|Any CPU
		{7E4CB57B-7FB7-4330-9EB1-2F450B4A7299}.Debug|Any CPU.Build.0 = Debug|Any CPU
		{7E4CB57B-7FB7-4330-9EB1-2F450B4A7299}.Debug|ARM.ActiveCfg = Debug|ARM
		{7E4CB57B-7FB7-4330-9EB1-2F450B4A7299}.Debug|ARM.Build.0 = Debug|ARM
		{7E4CB57B-7FB7-4330-9EB1-2F450B4A7299}.Debug|x64.ActiveCfg = Debug|x64
		{7E4CB57B-7FB7-4330-9EB1-2F450B4A7299}.Debug|x64.Build.0 = Debug|x64
		{7E4CB57B-7FB7-4330-9EB1-2F450B4A7299}.Debug|x86.ActiveCfg = Debug|x86
		{7E4CB57B-7FB7-4330-9EB1-2F450B4A7299}.Debug|x86.Build.0 = Debug|x86
		{7E4CB57B-7FB7-4330-9EB1-2F450B4A7299}.Release|Any CPU.ActiveCfg = Release|Any CPU
		{7E4CB57B-7FB7-4330-9EB1-2F450B4A7299}.Release|Any CPU.Build.0 = Release|Any CPU
		{7E4CB57B-7FB7-4330-9EB1-2F450B4A7299}.Release|ARM.ActiveCfg = Release|ARM
		{7E4CB57B-7FB7-4330-9EB1-2F450B4A7299}.Release|ARM.Build.0 = Release|ARM
		{7E4CB57B-7FB7-4330-9EB1-2F450B4A7299}.Release|x64.ActiveCfg = Release|x64
		{7E4CB57B-7FB7-4330-9EB1-2F450B4A7299}.Release|x64.Build.0 = Release|x64
		{7E4CB57B-7FB7-4330-9EB1-2F450B4A7299}.Release|x86.ActiveCfg = Release|x86
		{7E4CB57B-7FB7-4330-9EB1-2F450B4A7299}.Release|x86.Build.0 = Release|x86
		{B6F13B71-0102-4998-8038-40EBA441CDF2}.Debug|Any CPU.ActiveCfg = Debug|Any CPU
		{B6F13B71-0102-4998-8038-40EBA441CDF2}.Debug|Any CPU.Build.0 = Debug|Any CPU
		{B6F13B71-0102-4998-8038-40EBA441CDF2}.Debug|ARM.ActiveCfg = Debug|ARM
		{B6F13B71-0102-4998-8038-40EBA441CDF2}.Debug|ARM.Build.0 = Debug|ARM
		{B6F13B71-0102-4998-8038-40EBA441CDF2}.Debug|x64.ActiveCfg = Debug|x64
		{B6F13B71-0102-4998-8038-40EBA441CDF2}.Debug|x64.Build.0 = Debug|x64
		{B6F13B71-0102-4998-8038-40EBA441CDF2}.Debug|x86.ActiveCfg = Debug|x86
		{B6F13B71-0102-4998-8038-40EBA441CDF2}.Debug|x86.Build.0 = Debug|x86
		{B6F13B71-0102-4998-8038-40EBA441CDF2}.Release|Any CPU.ActiveCfg = Release|Any CPU
		{B6F13B71-0102-4998-8038-40EBA441CDF2}.Release|Any CPU.Build.0 = Release|Any CPU
		{B6F13B71-0102-4998-8038-40EBA441CDF2}.Release|ARM.ActiveCfg = Release|ARM
		{B6F13B71-0102-4998-8038-40EBA441CDF2}.Release|ARM.Build.0 = Release|ARM
		{B6F13B71-0102-4998-8038-40EBA441CDF2}.Release|x64.ActiveCfg = Release|x64
		{B6F13B71-0102-4998-8038-40EBA441CDF2}.Release|x64.Build.0 = Release|x64
		{B6F13B71-0102-4998-8038-40EBA441CDF2}.Release|x86.ActiveCfg = Release|x86
		{B6F13B71-0102-4998-8038-40EBA441CDF2}.Release|x86.Build.0 = Release|x86
		{B8F8CE92-BF7B-4FFC-8E11-037DD47A36E8}.Debug|Any CPU.ActiveCfg = Debug|Any CPU
		{B8F8CE92-BF7B-4FFC-8E11-037DD47A36E8}.Debug|Any CPU.Build.0 = Debug|Any CPU
		{B8F8CE92-BF7B-4FFC-8E11-037DD47A36E8}.Debug|ARM.ActiveCfg = Debug|ARM
		{B8F8CE92-BF7B-4FFC-8E11-037DD47A36E8}.Debug|ARM.Build.0 = Debug|ARM
		{B8F8CE92-BF7B-4FFC-8E11-037DD47A36E8}.Debug|x64.ActiveCfg = Debug|x64
		{B8F8CE92-BF7B-4FFC-8E11-037DD47A36E8}.Debug|x64.Build.0 = Debug|x64
		{B8F8CE92-BF7B-4FFC-8E11-037DD47A36E8}.Debug|x86.ActiveCfg = Debug|x86
		{B8F8CE92-BF7B-4FFC-8E11-037DD47A36E8}.Debug|x86.Build.0 = Debug|x86
		{B8F8CE92-BF7B-4FFC-8E11-037DD47A36E8}.Release|Any CPU.ActiveCfg = Release|Any CPU
		{B8F8CE92-BF7B-4FFC-8E11-037DD47A36E8}.Release|Any CPU.Build.0 = Release|Any CPU
		{B8F8CE92-BF7B-4FFC-8E11-037DD47A36E8}.Release|ARM.ActiveCfg = Release|ARM
		{B8F8CE92-BF7B-4FFC-8E11-037DD47A36E8}.Release|ARM.Build.0 = Release|ARM
		{B8F8CE92-BF7B-4FFC-8E11-037DD47A36E8}.Release|x64.ActiveCfg = Release|x64
		{B8F8CE92-BF7B-4FFC-8E11-037DD47A36E8}.Release|x64.Build.0 = Release|x64
		{B8F8CE92-BF7B-4FFC-8E11-037DD47A36E8}.Release|x86.ActiveCfg = Release|x86
		{B8F8CE92-BF7B-4FFC-8E11-037DD47A36E8}.Release|x86.Build.0 = Release|x86
		{24AD0C53-46BE-498F-B3A3-ECCBF274484D}.Debug|Any CPU.ActiveCfg = Debug|Any CPU
		{24AD0C53-46BE-498F-B3A3-ECCBF274484D}.Debug|Any CPU.Build.0 = Debug|Any CPU
		{24AD0C53-46BE-498F-B3A3-ECCBF274484D}.Debug|ARM.ActiveCfg = Debug|ARM
		{24AD0C53-46BE-498F-B3A3-ECCBF274484D}.Debug|ARM.Build.0 = Debug|ARM
		{24AD0C53-46BE-498F-B3A3-ECCBF274484D}.Debug|x64.ActiveCfg = Debug|x64
		{24AD0C53-46BE-498F-B3A3-ECCBF274484D}.Debug|x64.Build.0 = Debug|x64
		{24AD0C53-46BE-498F-B3A3-ECCBF274484D}.Debug|x86.ActiveCfg = Debug|x86
		{24AD0C53-46BE-498F-B3A3-ECCBF274484D}.Debug|x86.Build.0 = Debug|x86
		{24AD0C53-46BE-498F-B3A3-ECCBF274484D}.Release|Any CPU.ActiveCfg = Release|Any CPU
		{24AD0C53-46BE-498F-B3A3-ECCBF274484D}.Release|Any CPU.Build.0 = Release|Any CPU
		{24AD0C53-46BE-498F-B3A3-ECCBF274484D}.Release|ARM.ActiveCfg = Release|ARM
		{24AD0C53-46BE-498F-B3A3-ECCBF274484D}.Release|ARM.Build.0 = Release|ARM
		{24AD0C53-46BE-498F-B3A3-ECCBF274484D}.Release|x64.ActiveCfg = Release|x64
		{24AD0C53-46BE-498F-B3A3-ECCBF274484D}.Release|x64.Build.0 = Release|x64
		{24AD0C53-46BE-498F-B3A3-ECCBF274484D}.Release|x86.ActiveCfg = Release|x86
		{24AD0C53-46BE-498F-B3A3-ECCBF274484D}.Release|x86.Build.0 = Release|x86
		{BEE652B0-2699-4CD8-BB18-CA36F50CC207}.Debug|Any CPU.ActiveCfg = Debug|Any CPU
		{BEE652B0-2699-4CD8-BB18-CA36F50CC207}.Debug|Any CPU.Build.0 = Debug|Any CPU
		{BEE652B0-2699-4CD8-BB18-CA36F50CC207}.Debug|ARM.ActiveCfg = Debug|ARM
		{BEE652B0-2699-4CD8-BB18-CA36F50CC207}.Debug|ARM.Build.0 = Debug|ARM
		{BEE652B0-2699-4CD8-BB18-CA36F50CC207}.Debug|x64.ActiveCfg = Debug|x64
		{BEE652B0-2699-4CD8-BB18-CA36F50CC207}.Debug|x64.Build.0 = Debug|x64
		{BEE652B0-2699-4CD8-BB18-CA36F50CC207}.Debug|x86.ActiveCfg = Debug|x86
		{BEE652B0-2699-4CD8-BB18-CA36F50CC207}.Debug|x86.Build.0 = Debug|x86
		{BEE652B0-2699-4CD8-BB18-CA36F50CC207}.Release|Any CPU.ActiveCfg = Release|Any CPU
		{BEE652B0-2699-4CD8-BB18-CA36F50CC207}.Release|Any CPU.Build.0 = Release|Any CPU
		{BEE652B0-2699-4CD8-BB18-CA36F50CC207}.Release|ARM.ActiveCfg = Release|ARM
		{BEE652B0-2699-4CD8-BB18-CA36F50CC207}.Release|ARM.Build.0 = Release|ARM
		{BEE652B0-2699-4CD8-BB18-CA36F50CC207}.Release|x64.ActiveCfg = Release|x64
		{BEE652B0-2699-4CD8-BB18-CA36F50CC207}.Release|x64.Build.0 = Release|x64
		{BEE652B0-2699-4CD8-BB18-CA36F50CC207}.Release|x86.ActiveCfg = Release|x86
		{BEE652B0-2699-4CD8-BB18-CA36F50CC207}.Release|x86.Build.0 = Release|x86
	EndGlobalSection
	GlobalSection(SolutionProperties) = preSolution
		HideSolutionNode = FALSE
	EndGlobalSection
	GlobalSection(NestedProjects) = preSolution
		{C5452072-D793-4E46-B932-45B434B5B4F7} = {763A1384-E200-486F-AB9B-BBBF7343C3CD}
		{72ED367A-D89A-48A1-A702-6CCFCE8EEEFA} = {B9118D50-7CB1-4AF7-81C3-31CFD77243E8}
		{9715B4D2-EE5E-4942-BA01-F91110035898} = {763A1384-E200-486F-AB9B-BBBF7343C3CD}
		{C90F79B0-11DB-4A0A-A0A5-BACDF71023E2} = {B9118D50-7CB1-4AF7-81C3-31CFD77243E8}
		{68EBA132-6528-4B83-9B6E-7B8E24E9B5BE} = {B9118D50-7CB1-4AF7-81C3-31CFD77243E8}
		{7E4CB57B-7FB7-4330-9EB1-2F450B4A7299} = {B9118D50-7CB1-4AF7-81C3-31CFD77243E8}
		{B6F13B71-0102-4998-8038-40EBA441CDF2} = {763A1384-E200-486F-AB9B-BBBF7343C3CD}
		{B8F8CE92-BF7B-4FFC-8E11-037DD47A36E8} = {B9118D50-7CB1-4AF7-81C3-31CFD77243E8}
		{24AD0C53-46BE-498F-B3A3-ECCBF274484D} = {B9118D50-7CB1-4AF7-81C3-31CFD77243E8}
		{BEE652B0-2699-4CD8-BB18-CA36F50CC207} = {B9118D50-7CB1-4AF7-81C3-31CFD77243E8}
	EndGlobalSection
EndGlobal
